// !$*UTF8*$!
{
	archiveVersion = 1;
	classes = {
	};
	objectVersion = 55;
	objects = {

/* Begin PBXBuildFile section */
		DF5FE328275D2DB700372A24 /* 5.swift in Sources */ = {isa = PBXBuildFile; fileRef = DF5FE327275D2DB700372A24 /* 5.swift */; };
		DF84559127592AE100FE6942 /* 1.swift in Sources */ = {isa = PBXBuildFile; fileRef = DF84559027592AE100FE6942 /* 1.swift */; };
		DF951C84275BE10A00CB4073 /* 4.swift in Sources */ = {isa = PBXBuildFile; fileRef = DF951C83275BE10A00CB4073 /* 4.swift */; };
		DFACC7F42759E603006E75C8 /* 3.swift in Sources */ = {isa = PBXBuildFile; fileRef = DFACC7F32759E603006E75C8 /* 3.swift */; };
		DFE10C81275739220078C99C /* main.swift in Sources */ = {isa = PBXBuildFile; fileRef = DFE10C80275739220078C99C /* main.swift */; };
		DFF82B8327592B6800F2EF7F /* 2.swift in Sources */ = {isa = PBXBuildFile; fileRef = DFF82B8227592B6800F2EF7F /* 2.swift */; };
/* End PBXBuildFile section */

/* Begin PBXCopyFilesBuildPhase section */
		DFE10C7B275739220078C99C /* CopyFiles */ = {
			isa = PBXCopyFilesBuildPhase;
			buildActionMask = 2147483647;
			dstPath = /usr/share/man/man1/;
			dstSubfolderSpec = 0;
			files = (
			);
			runOnlyForDeploymentPostprocessing = 1;
		};
/* End PBXCopyFilesBuildPhase section */

/* Begin PBXFileReference section */
		DF5FE326275D2DA000372A24 /* input-5.txt */ = {isa = PBXFileReference; lastKnownFileType = text; path = "input-5.txt"; sourceTree = "<group>"; };
		DF5FE327275D2DB700372A24 /* 5.swift */ = {isa = PBXFileReference; lastKnownFileType = sourcecode.swift; path = 5.swift; sourceTree = "<group>"; };
		DF5FE329275D35D700372A24 /* input-5.tst.txt */ = {isa = PBXFileReference; lastKnownFileType = text; path = "input-5.tst.txt"; sourceTree = "<group>"; };
		DF84559027592AE100FE6942 /* 1.swift */ = {isa = PBXFileReference; lastKnownFileType = sourcecode.swift; path = 1.swift; sourceTree = "<group>"; };
		DF951C82275BE0F800CB4073 /* input-4.txt */ = {isa = PBXFileReference; lastKnownFileType = text; path = "input-4.txt"; sourceTree = "<group>"; };
		DF951C83275BE10A00CB4073 /* 4.swift */ = {isa = PBXFileReference; lastKnownFileType = sourcecode.swift; path = 4.swift; sourceTree = "<group>"; };
		DF951C85275BEB0300CB4073 /* input-4.tst.txt */ = {isa = PBXFileReference; lastKnownFileType = text; path = "input-4.tst.txt"; sourceTree = "<group>"; };
		DFACC7F32759E603006E75C8 /* 3.swift */ = {isa = PBXFileReference; lastKnownFileType = sourcecode.swift; path = 3.swift; sourceTree = "<group>"; };
		DFACC7F52759E63D006E75C8 /* input-3.txt */ = {isa = PBXFileReference; lastKnownFileType = text; path = "input-3.txt"; sourceTree = "<group>"; };
		DFACC7F62759F756006E75C8 /* input-3.tst.txt */ = {isa = PBXFileReference; lastKnownFileType = text; path = "input-3.tst.txt"; sourceTree = "<group>"; };
		DFE10C7D275739220078C99C /* Advent of Code 2021 */ = {isa = PBXFileReference; explicitFileType = "compiled.mach-o.executable"; includeInIndex = 0; path = "Advent of Code 2021"; sourceTree = BUILT_PRODUCTS_DIR; };
		DFE10C80275739220078C99C /* main.swift */ = {isa = PBXFileReference; lastKnownFileType = sourcecode.swift; name = main.swift; path = "Advent of Code 2021/main.swift"; sourceTree = SOURCE_ROOT; };
		DFF82B8227592B6800F2EF7F /* 2.swift */ = {isa = PBXFileReference; lastKnownFileType = sourcecode.swift; path = 2.swift; sourceTree = "<group>"; };
		DFF82B8627592CA200F2EF7F /* input-2.txt */ = {isa = PBXFileReference; fileEncoding = 4; lastKnownFileType = text; path = "input-2.txt"; sourceTree = "<group>"; };
		DFF82B8727592CA200F2EF7F /* input-1.txt */ = {isa = PBXFileReference; fileEncoding = 4; lastKnownFileType = text; path = "input-1.txt"; sourceTree = "<group>"; };
/* End PBXFileReference section */

/* Begin PBXFrameworksBuildPhase section */
		DFE10C7A275739220078C99C /* Frameworks */ = {
			isa = PBXFrameworksBuildPhase;
			buildActionMask = 2147483647;
			files = (
			);
			runOnlyForDeploymentPostprocessing = 0;
		};
/* End PBXFrameworksBuildPhase section */

/* Begin PBXGroup section */
		DFE10C74275739220078C99C = {
			isa = PBXGroup;
			children = (
				DFF82B8427592BFD00F2EF7F /* inputs */,
				DFE10C7F275739220078C99C /* Advent of Code 2021 */,
				DFE10C7E275739220078C99C /* Products */,
			);
			sourceTree = "<group>";
		};
		DFE10C7E275739220078C99C /* Products */ = {
			isa = PBXGroup;
			children = (
				DFE10C7D275739220078C99C /* Advent of Code 2021 */,
			);
			name = Products;
			sourceTree = "<group>";
		};
		DFE10C7F275739220078C99C /* Advent of Code 2021 */ = {
			isa = PBXGroup;
			children = (
				DFE10C80275739220078C99C /* main.swift */,
				DF84559027592AE100FE6942 /* 1.swift */,
				DFF82B8227592B6800F2EF7F /* 2.swift */,
				DFACC7F32759E603006E75C8 /* 3.swift */,
				DF951C83275BE10A00CB4073 /* 4.swift */,
				DF5FE327275D2DB700372A24 /* 5.swift */,
			);
			path = "Advent of Code 2021";
			sourceTree = "<group>";
		};
		DFF82B8427592BFD00F2EF7F /* inputs */ = {
			isa = PBXGroup;
			children = (
				DFF82B8727592CA200F2EF7F /* input-1.txt */,
				DFF82B8627592CA200F2EF7F /* input-2.txt */,
				DFACC7F52759E63D006E75C8 /* input-3.txt */,
				DFACC7F62759F756006E75C8 /* input-3.tst.txt */,
				DF951C82275BE0F800CB4073 /* input-4.txt */,
				DF951C85275BEB0300CB4073 /* input-4.tst.txt */,
				DF5FE326275D2DA000372A24 /* input-5.txt */,
				DF5FE329275D35D700372A24 /* input-5.tst.txt */,
			);
			path = inputs;
			sourceTree = "<group>";
		};
/* End PBXGroup section */

/* Begin PBXNativeTarget section */
		DFE10C7C275739220078C99C /* Advent of Code 2021 */ = {
			isa = PBXNativeTarget;
			buildConfigurationList = DFE10C84275739220078C99C /* Build configuration list for PBXNativeTarget "Advent of Code 2021" */;
			buildPhases = (
				DFE10C79275739220078C99C /* Sources */,
				DFE10C7A275739220078C99C /* Frameworks */,
				DFE10C7B275739220078C99C /* CopyFiles */,
			);
			buildRules = (
			);
			dependencies = (
			);
			name = "Advent of Code 2021";
			productName = "Advent of Code 2021";
			productReference = DFE10C7D275739220078C99C /* Advent of Code 2021 */;
			productType = "com.apple.product-type.tool";
		};
/* End PBXNativeTarget section */

/* Begin PBXProject section */
		DFE10C75275739220078C99C /* Project object */ = {
			isa = PBXProject;
			attributes = {
				BuildIndependentTargetsInParallel = 1;
				LastSwiftUpdateCheck = 1310;
				LastUpgradeCheck = 1310;
				TargetAttributes = {
					DFE10C7C275739220078C99C = {
						CreatedOnToolsVersion = 13.1;
					};
				};
			};
			buildConfigurationList = DFE10C78275739220078C99C /* Build configuration list for PBXProject "Advent of Code 2021" */;
			compatibilityVersion = "Xcode 13.0";
			developmentRegion = en;
			hasScannedForEncodings = 0;
			knownRegions = (
				en,
				Base,
			);
			mainGroup = DFE10C74275739220078C99C;
			productRefGroup = DFE10C7E275739220078C99C /* Products */;
			projectDirPath = "";
			projectRoot = "";
			targets = (
				DFE10C7C275739220078C99C /* Advent of Code 2021 */,
			);
		};
/* End PBXProject section */

/* Begin PBXSourcesBuildPhase section */
		DFE10C79275739220078C99C /* Sources */ = {
			isa = PBXSourcesBuildPhase;
			buildActionMask = 2147483647;
			files = (
				DFF82B8327592B6800F2EF7F /* 2.swift in Sources */,
				DFACC7F42759E603006E75C8 /* 3.swift in Sources */,
				DFE10C81275739220078C99C /* main.swift in Sources */,
				DF5FE328275D2DB700372A24 /* 5.swift in Sources */,
				DF951C84275BE10A00CB4073 /* 4.swift in Sources */,
				DF84559127592AE100FE6942 /* 1.swift in Sources */,
			);
			runOnlyForDeploymentPostprocessing = 0;
		};
/* End PBXSourcesBuildPhase section */

/* Begin XCBuildConfiguration section */
		DFE10C82275739220078C99C /* Debug */ = {
			isa = XCBuildConfiguration;
			buildSettings = {
				ALWAYS_SEARCH_USER_PATHS = NO;
				CLANG_ANALYZER_NONNULL = YES;
				CLANG_ANALYZER_NUMBER_OBJECT_CONVERSION = YES_AGGRESSIVE;
				CLANG_CXX_LANGUAGE_STANDARD = "gnu++17";
				CLANG_CXX_LIBRARY = "libc++";
				CLANG_ENABLE_MODULES = YES;
				CLANG_ENABLE_OBJC_ARC = YES;
				CLANG_ENABLE_OBJC_WEAK = YES;
				CLANG_WARN_BLOCK_CAPTURE_AUTORELEASING = YES;
				CLANG_WARN_BOOL_CONVERSION = YES;
				CLANG_WARN_COMMA = YES;
				CLANG_WARN_CONSTANT_CONVERSION = YES;
				CLANG_WARN_DEPRECATED_OBJC_IMPLEMENTATIONS = YES;
				CLANG_WARN_DIRECT_OBJC_ISA_USAGE = YES_ERROR;
				CLANG_WARN_DOCUMENTATION_COMMENTS = YES;
				CLANG_WARN_EMPTY_BODY = YES;
				CLANG_WARN_ENUM_CONVERSION = YES;
				CLANG_WARN_INFINITE_RECURSION = YES;
				CLANG_WARN_INT_CONVERSION = YES;
				CLANG_WARN_NON_LITERAL_NULL_CONVERSION = YES;
				CLANG_WARN_OBJC_IMPLICIT_RETAIN_SELF = YES;
				CLANG_WARN_OBJC_LITERAL_CONVERSION = YES;
				CLANG_WARN_OBJC_ROOT_CLASS = YES_ERROR;
				CLANG_WARN_QUOTED_INCLUDE_IN_FRAMEWORK_HEADER = YES;
				CLANG_WARN_RANGE_LOOP_ANALYSIS = YES;
				CLANG_WARN_STRICT_PROTOTYPES = YES;
				CLANG_WARN_SUSPICIOUS_MOVE = YES;
				CLANG_WARN_UNGUARDED_AVAILABILITY = YES_AGGRESSIVE;
				CLANG_WARN_UNREACHABLE_CODE = YES;
				CLANG_WARN__DUPLICATE_METHOD_MATCH = YES;
				COPY_PHASE_STRIP = NO;
				DEBUG_INFORMATION_FORMAT = dwarf;
				ENABLE_STRICT_OBJC_MSGSEND = YES;
				ENABLE_TESTABILITY = YES;
				GCC_C_LANGUAGE_STANDARD = gnu11;
				GCC_DYNAMIC_NO_PIC = NO;
				GCC_NO_COMMON_BLOCKS = YES;
				GCC_OPTIMIZATION_LEVEL = 0;
				GCC_PREPROCESSOR_DEFINITIONS = (
					"DEBUG=1",
					"$(inherited)",
				);
				GCC_WARN_64_TO_32_BIT_CONVERSION = YES;
				GCC_WARN_ABOUT_RETURN_TYPE = YES_ERROR;
				GCC_WARN_UNDECLARED_SELECTOR = YES;
				GCC_WARN_UNINITIALIZED_AUTOS = YES_AGGRESSIVE;
				GCC_WARN_UNUSED_FUNCTION = YES;
				GCC_WARN_UNUSED_VARIABLE = YES;
				MACOSX_DEPLOYMENT_TARGET = 12.0;
				MTL_ENABLE_DEBUG_INFO = INCLUDE_SOURCE;
				MTL_FAST_MATH = YES;
				ONLY_ACTIVE_ARCH = YES;
				SDKROOT = macosx;
				SWIFT_ACTIVE_COMPILATION_CONDITIONS = DEBUG;
				SWIFT_OPTIMIZATION_LEVEL = "-Onone";
			};
			name = Debug;
		};
		DFE10C83275739220078C99C /* Release */ = {
			isa = XCBuildConfiguration;
			buildSettings = {
				ALWAYS_SEARCH_USER_PATHS = NO;
				CLANG_ANALYZER_NONNULL = YES;
				CLANG_ANALYZER_NUMBER_OBJECT_CONVERSION = YES_AGGRESSIVE;
				CLANG_CXX_LANGUAGE_STANDARD = "gnu++17";
				CLANG_CXX_LIBRARY = "libc++";
				CLANG_ENABLE_MODULES = YES;
				CLANG_ENABLE_OBJC_ARC = YES;
				CLANG_ENABLE_OBJC_WEAK = YES;
				CLANG_WARN_BLOCK_CAPTURE_AUTORELEASING = YES;
				CLANG_WARN_BOOL_CONVERSION = YES;
				CLANG_WARN_COMMA = YES;
				CLANG_WARN_CONSTANT_CONVERSION = YES;
				CLANG_WARN_DEPRECATED_OBJC_IMPLEMENTATIONS = YES;
				CLANG_WARN_DIRECT_OBJC_ISA_USAGE = YES_ERROR;
				CLANG_WARN_DOCUMENTATION_COMMENTS = YES;
				CLANG_WARN_EMPTY_BODY = YES;
				CLANG_WARN_ENUM_CONVERSION = YES;
				CLANG_WARN_INFINITE_RECURSION = YES;
				CLANG_WARN_INT_CONVERSION = YES;
				CLANG_WARN_NON_LITERAL_NULL_CONVERSION = YES;
				CLANG_WARN_OBJC_IMPLICIT_RETAIN_SELF = YES;
				CLANG_WARN_OBJC_LITERAL_CONVERSION = YES;
				CLANG_WARN_OBJC_ROOT_CLASS = YES_ERROR;
				CLANG_WARN_QUOTED_INCLUDE_IN_FRAMEWORK_HEADER = YES;
				CLANG_WARN_RANGE_LOOP_ANALYSIS = YES;
				CLANG_WARN_STRICT_PROTOTYPES = YES;
				CLANG_WARN_SUSPICIOUS_MOVE = YES;
				CLANG_WARN_UNGUARDED_AVAILABILITY = YES_AGGRESSIVE;
				CLANG_WARN_UNREACHABLE_CODE = YES;
				CLANG_WARN__DUPLICATE_METHOD_MATCH = YES;
				COPY_PHASE_STRIP = NO;
				DEBUG_INFORMATION_FORMAT = "dwarf-with-dsym";
				ENABLE_NS_ASSERTIONS = NO;
				ENABLE_STRICT_OBJC_MSGSEND = YES;
				GCC_C_LANGUAGE_STANDARD = gnu11;
				GCC_NO_COMMON_BLOCKS = YES;
				GCC_WARN_64_TO_32_BIT_CONVERSION = YES;
				GCC_WARN_ABOUT_RETURN_TYPE = YES_ERROR;
				GCC_WARN_UNDECLARED_SELECTOR = YES;
				GCC_WARN_UNINITIALIZED_AUTOS = YES_AGGRESSIVE;
				GCC_WARN_UNUSED_FUNCTION = YES;
				GCC_WARN_UNUSED_VARIABLE = YES;
				MACOSX_DEPLOYMENT_TARGET = 12.0;
				MTL_ENABLE_DEBUG_INFO = NO;
				MTL_FAST_MATH = YES;
				SDKROOT = macosx;
				SWIFT_COMPILATION_MODE = wholemodule;
				SWIFT_OPTIMIZATION_LEVEL = "-O";
			};
			name = Release;
		};
		DFE10C85275739220078C99C /* Debug */ = {
			isa = XCBuildConfiguration;
			buildSettings = {
				CODE_SIGN_STYLE = Automatic;
				DEVELOPMENT_TEAM = X3C6D46M2X;
				ENABLE_HARDENED_RUNTIME = YES;
				PRODUCT_NAME = "$(TARGET_NAME)";
				SWIFT_VERSION = 5.0;
			};
			name = Debug;
		};
		DFE10C86275739220078C99C /* Release */ = {
			isa = XCBuildConfiguration;
			buildSettings = {
				CODE_SIGN_STYLE = Automatic;
				DEVELOPMENT_TEAM = X3C6D46M2X;
				ENABLE_HARDENED_RUNTIME = YES;
				PRODUCT_NAME = "$(TARGET_NAME)";
				SWIFT_VERSION = 5.0;
			};
			name = Release;
		};
/* End XCBuildConfiguration section */

/* Begin XCConfigurationList section */
		DFE10C78275739220078C99C /* Build configuration list for PBXProject "Advent of Code 2021" */ = {
			isa = XCConfigurationList;
			buildConfigurations = (
				DFE10C82275739220078C99C /* Debug */,
				DFE10C83275739220078C99C /* Release */,
			);
			defaultConfigurationIsVisible = 0;
			defaultConfigurationName = Release;
		};
		DFE10C84275739220078C99C /* Build configuration list for PBXNativeTarget "Advent of Code 2021" */ = {
			isa = XCConfigurationList;
			buildConfigurations = (
				DFE10C85275739220078C99C /* Debug */,
				DFE10C86275739220078C99C /* Release */,
			);
			defaultConfigurationIsVisible = 0;
			defaultConfigurationName = Release;
		};
/* End XCConfigurationList section */
	};
	rootObject = DFE10C75275739220078C99C /* Project object */;
}
